// !$*UTF8*$!
{
	archiveVersion = 1;
	classes = {
	};
	objectVersion = 46;
	objects = {

/* Begin PBXBuildFile section */
		888CC1FD1DE494BB00DAE48A /* AppDelegate.swift in Sources */ = {isa = PBXBuildFile; fileRef = 888CC1FC1DE494BB00DAE48A /* AppDelegate.swift */; };
		888CC1FF1DE494BB00DAE48A /* RootViewController.swift in Sources */ = {isa = PBXBuildFile; fileRef = 888CC1FE1DE494BB00DAE48A /* RootViewController.swift */; };
		888CC2021DE494BB00DAE48A /* Main.storyboard in Resources */ = {isa = PBXBuildFile; fileRef = 888CC2001DE494BB00DAE48A /* Main.storyboard */; };
		888CC2041DE494BB00DAE48A /* Assets.xcassets in Resources */ = {isa = PBXBuildFile; fileRef = 888CC2031DE494BB00DAE48A /* Assets.xcassets */; };
		888CC2071DE494BB00DAE48A /* LaunchScreen.storyboard in Resources */ = {isa = PBXBuildFile; fileRef = 888CC2051DE494BB00DAE48A /* LaunchScreen.storyboard */; };
		88EA35F81DE4A0F100796704 /* ActivityIndicatorViewController.swift in Sources */ = {isa = PBXBuildFile; fileRef = 88EA35F71DE4A0F100796704 /* ActivityIndicatorViewController.swift */; };
		B52D464F72CD5D6DDD36E133 /* Pods_ExampleApp.framework in Frameworks */ = {isa = PBXBuildFile; fileRef = 1D1F28C6EB61974264B00610 /* Pods_ExampleApp.framework */; };
/* End PBXBuildFile section */

/* Begin PBXFileReference section */
		1D1F28C6EB61974264B00610 /* Pods_ExampleApp.framework */ = {isa = PBXFileReference; explicitFileType = wrapper.framework; includeInIndex = 0; path = Pods_ExampleApp.framework; sourceTree = BUILT_PRODUCTS_DIR; };
		4CBC864681ED6F0BF154B7B2 /* Pods-ExampleApp.release.xcconfig */ = {isa = PBXFileReference; includeInIndex = 1; lastKnownFileType = text.xcconfig; name = "Pods-ExampleApp.release.xcconfig"; path = "Pods/Target Support Files/Pods-ExampleApp/Pods-ExampleApp.release.xcconfig"; sourceTree = "<group>"; };
		5588B10E0F802DDC0291E7D2 /* Pods-ExampleApp.debug.xcconfig */ = {isa = PBXFileReference; includeInIndex = 1; lastKnownFileType = text.xcconfig; name = "Pods-ExampleApp.debug.xcconfig"; path = "Pods/Target Support Files/Pods-ExampleApp/Pods-ExampleApp.debug.xcconfig"; sourceTree = "<group>"; };
		888CC1F91DE494BB00DAE48A /* ExampleApp.app */ = {isa = PBXFileReference; explicitFileType = wrapper.application; includeInIndex = 0; path = ExampleApp.app; sourceTree = BUILT_PRODUCTS_DIR; };
		888CC1FC1DE494BB00DAE48A /* AppDelegate.swift */ = {isa = PBXFileReference; lastKnownFileType = sourcecode.swift; path = AppDelegate.swift; sourceTree = "<group>"; };
		888CC1FE1DE494BB00DAE48A /* RootViewController.swift */ = {isa = PBXFileReference; lastKnownFileType = sourcecode.swift; path = RootViewController.swift; sourceTree = "<group>"; };
		888CC2011DE494BB00DAE48A /* Base */ = {isa = PBXFileReference; lastKnownFileType = file.storyboard; name = Base; path = Base.lproj/Main.storyboard; sourceTree = "<group>"; };
		888CC2031DE494BB00DAE48A /* Assets.xcassets */ = {isa = PBXFileReference; lastKnownFileType = folder.assetcatalog; path = Assets.xcassets; sourceTree = "<group>"; };
		888CC2061DE494BB00DAE48A /* Base */ = {isa = PBXFileReference; lastKnownFileType = file.storyboard; name = Base; path = Base.lproj/LaunchScreen.storyboard; sourceTree = "<group>"; };
		888CC2081DE494BB00DAE48A /* Info.plist */ = {isa = PBXFileReference; lastKnownFileType = text.plist.xml; path = Info.plist; sourceTree = "<group>"; };
		88EA35F71DE4A0F100796704 /* ActivityIndicatorViewController.swift */ = {isa = PBXFileReference; fileEncoding = 4; lastKnownFileType = sourcecode.swift; path = ActivityIndicatorViewController.swift; sourceTree = "<group>"; };
/* End PBXFileReference section */

/* Begin PBXFrameworksBuildPhase section */
		888CC1F61DE494BB00DAE48A /* Frameworks */ = {
			isa = PBXFrameworksBuildPhase;
			buildActionMask = 2147483647;
			files = (
				B52D464F72CD5D6DDD36E133 /* Pods_ExampleApp.framework in Frameworks */,
			);
			runOnlyForDeploymentPostprocessing = 0;
		};
/* End PBXFrameworksBuildPhase section */

/* Begin PBXGroup section */
		3F36A9F8B4F49A46765BD073 /* Frameworks */ = {
			isa = PBXGroup;
			children = (
				1D1F28C6EB61974264B00610 /* Pods_ExampleApp.framework */,
			);
			name = Frameworks;
			sourceTree = "<group>";
		};
		888CC1F01DE494BB00DAE48A = {
			isa = PBXGroup;
			children = (
				888CC1FB1DE494BB00DAE48A /* ExampleApp */,
				888CC1FA1DE494BB00DAE48A /* Products */,
				EE90CB573D151EFAFDE521D2 /* Pods */,
				3F36A9F8B4F49A46765BD073 /* Frameworks */,
			);
			sourceTree = "<group>";
		};
		888CC1FA1DE494BB00DAE48A /* Products */ = {
			isa = PBXGroup;
			children = (
				888CC1F91DE494BB00DAE48A /* ExampleApp.app */,
			);
			name = Products;
			sourceTree = "<group>";
		};
		888CC1FB1DE494BB00DAE48A /* ExampleApp */ = {
			isa = PBXGroup;
			children = (
				888CC1FC1DE494BB00DAE48A /* AppDelegate.swift */,
				888CC1FE1DE494BB00DAE48A /* RootViewController.swift */,
				88EA35F71DE4A0F100796704 /* ActivityIndicatorViewController.swift */,
				888CC2001DE494BB00DAE48A /* Main.storyboard */,
				888CC2031DE494BB00DAE48A /* Assets.xcassets */,
				888CC2051DE494BB00DAE48A /* LaunchScreen.storyboard */,
				888CC2081DE494BB00DAE48A /* Info.plist */,
			);
			path = ExampleApp;
			sourceTree = "<group>";
		};
		EE90CB573D151EFAFDE521D2 /* Pods */ = {
			isa = PBXGroup;
			children = (
				5588B10E0F802DDC0291E7D2 /* Pods-ExampleApp.debug.xcconfig */,
				4CBC864681ED6F0BF154B7B2 /* Pods-ExampleApp.release.xcconfig */,
			);
			name = Pods;
			sourceTree = "<group>";
		};
/* End PBXGroup section */

/* Begin PBXNativeTarget section */
		888CC1F81DE494BB00DAE48A /* ExampleApp */ = {
			isa = PBXNativeTarget;
			buildConfigurationList = 888CC20B1DE494BB00DAE48A /* Build configuration list for PBXNativeTarget "ExampleApp" */;
			buildPhases = (
				AF7EA28C7746B446AD92F775 /* [CP] Check Pods Manifest.lock */,
				888CC1F51DE494BB00DAE48A /* Sources */,
				888CC1F61DE494BB00DAE48A /* Frameworks */,
				888CC1F71DE494BB00DAE48A /* Resources */,
				1B0E29EE8B2B4D2FDE4632FB /* [CP] Embed Pods Frameworks */,
				470B10DF685E48927FB2D6F7 /* [CP] Copy Pods Resources */,
			);
			buildRules = (
			);
			dependencies = (
			);
			name = ExampleApp;
			productName = ExampleApp;
			productReference = 888CC1F91DE494BB00DAE48A /* ExampleApp.app */;
			productType = "com.apple.product-type.application";
		};
/* End PBXNativeTarget section */

/* Begin PBXProject section */
		888CC1F11DE494BB00DAE48A /* Project object */ = {
			isa = PBXProject;
			attributes = {
				LastSwiftUpdateCheck = 0800;
				LastUpgradeCheck = 0800;
				ORGANIZATIONNAME = RxSwiftCommunity;
				TargetAttributes = {
					888CC1F81DE494BB00DAE48A = {
						CreatedOnToolsVersion = 8.0;
						DevelopmentTeam = 3V4RS4ALV7;
						ProvisioningStyle = Automatic;
					};
				};
			};
			buildConfigurationList = 888CC1F41DE494BB00DAE48A /* Build configuration list for PBXProject "ExampleApp" */;
			compatibilityVersion = "Xcode 3.2";
			developmentRegion = English;
			hasScannedForEncodings = 0;
			knownRegions = (
				en,
				Base,
			);
			mainGroup = 888CC1F01DE494BB00DAE48A;
			productRefGroup = 888CC1FA1DE494BB00DAE48A /* Products */;
			projectDirPath = "";
			projectRoot = "";
			targets = (
				888CC1F81DE494BB00DAE48A /* ExampleApp */,
			);
		};
/* End PBXProject section */

/* Begin PBXResourcesBuildPhase section */
		888CC1F71DE494BB00DAE48A /* Resources */ = {
			isa = PBXResourcesBuildPhase;
			buildActionMask = 2147483647;
			files = (
				888CC2071DE494BB00DAE48A /* LaunchScreen.storyboard in Resources */,
				888CC2041DE494BB00DAE48A /* Assets.xcassets in Resources */,
				888CC2021DE494BB00DAE48A /* Main.storyboard in Resources */,
			);
			runOnlyForDeploymentPostprocessing = 0;
		};
/* End PBXResourcesBuildPhase section */

/* Begin PBXShellScriptBuildPhase section */
		1B0E29EE8B2B4D2FDE4632FB /* [CP] Embed Pods Frameworks */ = {
			isa = PBXShellScriptBuildPhase;
			buildActionMask = 2147483647;
			files = (
			);
			inputPaths = (
			);
			name = "[CP] Embed Pods Frameworks";
			outputPaths = (
			);
			runOnlyForDeploymentPostprocessing = 0;
			shellPath = /bin/sh;
			shellScript = "\"${SRCROOT}/Pods/Target Support Files/Pods-ExampleApp/Pods-ExampleApp-frameworks.sh\"\n";
			showEnvVarsInLog = 0;
		};
		470B10DF685E48927FB2D6F7 /* [CP] Copy Pods Resources */ = {
			isa = PBXShellScriptBuildPhase;
			buildActionMask = 2147483647;
			files = (
			);
			inputPaths = (
			);
			name = "[CP] Copy Pods Resources";
			outputPaths = (
			);
			runOnlyForDeploymentPostprocessing = 0;
			shellPath = /bin/sh;
			shellScript = "\"${SRCROOT}/Pods/Target Support Files/Pods-ExampleApp/Pods-ExampleApp-resources.sh\"\n";
			showEnvVarsInLog = 0;
		};
		AF7EA28C7746B446AD92F775 /* [CP] Check Pods Manifest.lock */ = {
			isa = PBXShellScriptBuildPhase;
			buildActionMask = 2147483647;
			files = (
			);
			inputPaths = (
			);
			name = "[CP] Check Pods Manifest.lock";
			outputPaths = (
			);
			runOnlyForDeploymentPostprocessing = 0;
			shellPath = /bin/sh;
			shellScript = "diff \"${PODS_ROOT}/../Podfile.lock\" \"${PODS_ROOT}/Manifest.lock\" > /dev/null\nif [ $? != 0 ] ; then\n    # print error to STDERR\n    echo \"error: The sandbox is not in sync with the Podfile.lock. Run 'pod install' or update your CocoaPods installation.\" >&2\n    exit 1\nfi\n";
			showEnvVarsInLog = 0;
		};
/* End PBXShellScriptBuildPhase section */

/* Begin PBXSourcesBuildPhase section */
		888CC1F51DE494BB00DAE48A /* Sources */ = {
			isa = PBXSourcesBuildPhase;
			buildActionMask = 2147483647;
			files = (
				888CC1FF1DE494BB00DAE48A /* RootViewController.swift in Sources */,
				88EA35F81DE4A0F100796704 /* ActivityIndicatorViewController.swift in Sources */,
				888CC1FD1DE494BB00DAE48A /* AppDelegate.swift in Sources */,
			);
			runOnlyForDeploymentPostprocessing = 0;
		};
/* End PBXSourcesBuildPhase section */

/* Begin PBXVariantGroup section */
		888CC2001DE494BB00DAE48A /* Main.storyboard */ = {
			isa = PBXVariantGroup;
			children = (
				888CC2011DE494BB00DAE48A /* Base */,
			);
			name = Main.storyboard;
			sourceTree = "<group>";
		};
		888CC2051DE494BB00DAE48A /* LaunchScreen.storyboard */ = {
			isa = PBXVariantGroup;
			children = (
				888CC2061DE494BB00DAE48A /* Base */,
			);
			name = LaunchScreen.storyboard;
			sourceTree = "<group>";
		};
/* End PBXVariantGroup section */

/* Begin XCBuildConfiguration section */
		888CC2091DE494BB00DAE48A /* Debug */ = {
			isa = XCBuildConfiguration;
			buildSettings = {
				ALWAYS_SEARCH_USER_PATHS = NO;
				CLANG_ANALYZER_NONNULL = YES;
				CLANG_CXX_LANGUAGE_STANDARD = "gnu++0x";
				CLANG_CXX_LIBRARY = "libc++";
				CLANG_ENABLE_MODULES = YES;
				CLANG_ENABLE_OBJC_ARC = YES;
				CLANG_WARN_BOOL_CONVERSION = YES;
				CLANG_WARN_CONSTANT_CONVERSION = YES;
				CLANG_WARN_DIRECT_OBJC_ISA_USAGE = YES_ERROR;
				CLANG_WARN_DOCUMENTATION_COMMENTS = YES;
				CLANG_WARN_EMPTY_BODY = YES;
				CLANG_WARN_ENUM_CONVERSION = YES;
				CLANG_WARN_INFINITE_RECURSION = YES;
				CLANG_WARN_INT_CONVERSION = YES;
				CLANG_WARN_OBJC_ROOT_CLASS = YES_ERROR;
				CLANG_WARN_SUSPICIOUS_MOVES = YES;
				CLANG_WARN_UNREACHABLE_CODE = YES;
				CLANG_WARN__DUPLICATE_METHOD_MATCH = YES;
				"CODE_SIGN_IDENTITY[sdk=iphoneos*]" = "iPhone Developer";
				COPY_PHASE_STRIP = NO;
				DEBUG_INFORMATION_FORMAT = dwarf;
				ENABLE_STRICT_OBJC_MSGSEND = YES;
				ENABLE_TESTABILITY = YES;
				GCC_C_LANGUAGE_STANDARD = gnu99;
				GCC_DYNAMIC_NO_PIC = NO;
				GCC_NO_COMMON_BLOCKS = YES;
				GCC_OPTIMIZATION_LEVEL = 0;
				GCC_PREPROCESSOR_DEFINITIONS = (
					"DEBUG=1",
					"$(inherited)",
				);
				GCC_WARN_64_TO_32_BIT_CONVERSION = YES;
				GCC_WARN_ABOUT_RETURN_TYPE = YES_ERROR;
				GCC_WARN_UNDECLARED_SELECTOR = YES;
				GCC_WARN_UNINITIALIZED_AUTOS = YES_AGGRESSIVE;
				GCC_WARN_UNUSED_FUNCTION = YES;
				GCC_WARN_UNUSED_VARIABLE = YES;
				IPHONEOS_DEPLOYMENT_TARGET = 10.0;
				MTL_ENABLE_DEBUG_INFO = YES;
				ONLY_ACTIVE_ARCH = YES;
				SDKROOT = iphoneos;
				SWIFT_ACTIVE_COMPILATION_CONDITIONS = DEBUG;
				SWIFT_OPTIMIZATION_LEVEL = "-Onone";
			};
			name = Debug;
		};
		888CC20A1DE494BB00DAE48A /* Release */ = {
			isa = XCBuildConfiguration;
			buildSettings = {
				ALWAYS_SEARCH_USER_PATHS = NO;
				CLANG_ANALYZER_NONNULL = YES;
				CLANG_CXX_LANGUAGE_STANDARD = "gnu++0x";
				CLANG_CXX_LIBRARY = "libc++";
				CLANG_ENABLE_MODULES = YES;
				CLANG_ENABLE_OBJC_ARC = YES;
				CLANG_WARN_BOOL_CONVERSION = YES;
				CLANG_WARN_CONSTANT_CONVERSION = YES;
				CLANG_WARN_DIRECT_OBJC_ISA_USAGE = YES_ERROR;
				CLANG_WARN_DOCUMENTATION_COMMENTS = YES;
				CLANG_WARN_EMPTY_BODY = YES;
				CLANG_WARN_ENUM_CONVERSION = YES;
				CLANG_WARN_INFINITE_RECURSION = YES;
				CLANG_WARN_INT_CONVERSION = YES;
				CLANG_WARN_OBJC_ROOT_CLASS = YES_ERROR;
				CLANG_WARN_SUSPICIOUS_MOVES = YES;
				CLANG_WARN_UNREACHABLE_CODE = YES;
				CLANG_WARN__DUPLICATE_METHOD_MATCH = YES;
				"CODE_SIGN_IDENTITY[sdk=iphoneos*]" = "iPhone Developer";
				COPY_PHASE_STRIP = NO;
				DEBUG_INFORMATION_FORMAT = "dwarf-with-dsym";
				ENABLE_NS_ASSERTIONS = NO;
				ENABLE_STRICT_OBJC_MSGSEND = YES;
				GCC_C_LANGUAGE_STANDARD = gnu99;
				GCC_NO_COMMON_BLOCKS = YES;
				GCC_WARN_64_TO_32_BIT_CONVERSION = YES;
				GCC_WARN_ABOUT_RETURN_TYPE = YES_ERROR;
				GCC_WARN_UNDECLARED_SELECTOR = YES;
				GCC_WARN_UNINITIALIZED_AUTOS = YES_AGGRESSIVE;
				GCC_WARN_UNUSED_FUNCTION = YES;
				GCC_WARN_UNUSED_VARIABLE = YES;
				IPHONEOS_DEPLOYMENT_TARGET = 10.0;
				MTL_ENABLE_DEBUG_INFO = NO;
				SDKROOT = iphoneos;
				SWIFT_OPTIMIZATION_LEVEL = "-Owholemodule";
				VALIDATE_PRODUCT = YES;
			};
			name = Release;
		};
		888CC20C1DE494BB00DAE48A /* Debug */ = {
			isa = XCBuildConfiguration;
			baseConfigurationReference = 5588B10E0F802DDC0291E7D2 /* Pods-ExampleApp.debug.xcconfig */;
			buildSettings = {
				ASSETCATALOG_COMPILER_APPICON_NAME = AppIcon;
				DEVELOPMENT_TEAM = 3V4RS4ALV7;
				INFOPLIST_FILE = ExampleApp/Info.plist;
				LD_RUNPATH_SEARCH_PATHS = "$(inherited) @executable_path/Frameworks";
				PRODUCT_BUNDLE_IDENTIFIER = com.RxSwiftCommunity.ExampleApp;
				PRODUCT_NAME = "$(TARGET_NAME)";
				SWIFT_VERSION = 3.0;
			};
			name = Debug;
		};
		888CC20D1DE494BB00DAE48A /* Release */ = {
			isa = XCBuildConfiguration;
			baseConfigurationReference = 4CBC864681ED6F0BF154B7B2 /* Pods-ExampleApp.release.xcconfig */;
			buildSettings = {
				ASSETCATALOG_COMPILER_APPICON_NAME = AppIcon;
				DEVELOPMENT_TEAM = 3V4RS4ALV7;
				INFOPLIST_FILE = ExampleApp/Info.plist;
				LD_RUNPATH_SEARCH_PATHS = "$(inherited) @executable_path/Frameworks";
				PRODUCT_BUNDLE_IDENTIFIER = com.RxSwiftCommunity.ExampleApp;
				PRODUCT_NAME = "$(TARGET_NAME)";
				SWIFT_VERSION = 3.0;
			};
			name = Release;
		};
/* End XCBuildConfiguration section */

/* Begin XCConfigurationList section */
		888CC1F41DE494BB00DAE48A /* Build configuration list for PBXProject "ExampleApp" */ = {
			isa = XCConfigurationList;
			buildConfigurations = (
				888CC2091DE494BB00DAE48A /* Debug */,
				888CC20A1DE494BB00DAE48A /* Release */,
			);
			defaultConfigurationIsVisible = 0;
			defaultConfigurationName = Release;
		};
		888CC20B1DE494BB00DAE48A /* Build configuration list for PBXNativeTarget "ExampleApp" */ = {
			isa = XCConfigurationList;
			buildConfigurations = (
				888CC20C1DE494BB00DAE48A /* Debug */,
				888CC20D1DE494BB00DAE48A /* Release */,
			);
			defaultConfigurationIsVisible = 0;
			defaultConfigurationName = Release;
		};
/* End XCConfigurationList section */
	};
	rootObject = 888CC1F11DE494BB00DAE48A /* Project object */;
}
