PODS:
  - RxCocoa (4.1.2):
    - RxSwift (~> 4.0)
  - RxSwift (4.1.2)
  - RxSwiftUtilities (2.0.0):
    - RxCocoa (~> 4.0)
    - RxSwift (~> 4.0)

DEPENDENCIES:
  - RxSwiftUtilities (from `../`)

EXTERNAL SOURCES:
  RxSwiftUtilities:
    :path: ../

SPEC CHECKSUMS:
  RxCocoa: d88ba0f1f6abf040011a9eb4b539324fc426843a
  RxSwift: e49536837d9901277638493ea537394d4b55f570
  RxSwiftUtilities: b292dcdc286744db591fea3146c9382abc6e0033

PODFILE CHECKSUM: 7684ee7ca38232e18d184c27a385894b625d7ee4

COCOAPODS: 1.4.0
