PODS:
  - RxCocoa (3.0.1):
    - RxSwift (~> 3.0)
  - RxSwift (3.0.1)
  - RxSwiftUtilities (0.0.1):
    - RxCocoa (~> 3.0)
    - RxSwift (~> 3.0)

DEPENDENCIES:
  - RxSwiftUtilities (from `../`)

EXTERNAL SOURCES:
  RxSwiftUtilities:
    :path: "../"

SPEC CHECKSUMS:
  RxCocoa: 15a52fc590dcc700cb4a690a633b5c5184ce3a78
  RxSwift: af5680055c4ad04480189c52d28385b1029493a6
  RxSwiftUtilities: 1540c9b9c98bebb9ffd58a40cd1e82447187c3d9

PODFILE CHECKSUM: 7684ee7ca38232e18d184c27a385894b625d7ee4

COCOAPODS: 1.1.1
