// !$*UTF8*$!
{
	archiveVersion = 1;
	classes = {
	};
	objectVersion = 46;
	objects = {

/* Begin PBXBuildFile section */
		880343121DE303160055DA33 /* RxSwiftUtilities.framework in Frameworks */ = {isa = PBXBuildFile; fileRef = 880343081DE303160055DA33 /* RxSwiftUtilities.framework */; };
		880343191DE303160055DA33 /* RxSwiftUtilities.h in Headers */ = {isa = PBXBuildFile; fileRef = 8803430B1DE303160055DA33 /* RxSwiftUtilities.h */; settings = {ATTRIBUTES = (Public, ); }; };
		880343681DE395A20055DA33 /* RxCocoa.framework in Frameworks */ = {isa = PBXBuildFile; fileRef = 880343671DE395A20055DA33 /* RxCocoa.framework */; };
		8803436B1DE396290055DA33 /* ActivityIndicator.swift in Sources */ = {isa = PBXBuildFile; fileRef = 8803436A1DE396290055DA33 /* ActivityIndicator.swift */; };
		8803436F1DE397170055DA33 /* ActivityIndicatorTests.swift in Sources */ = {isa = PBXBuildFile; fileRef = 8803436E1DE397170055DA33 /* ActivityIndicatorTests.swift */; };
		888CC1911DE4839900DAE48A /* RxSwift.framework in Frameworks */ = {isa = PBXBuildFile; fileRef = 888CC1901DE4839900DAE48A /* RxSwift.framework */; };
		888CC1981DE4848300DAE48A /* RxSwift.framework in Frameworks */ = {isa = PBXBuildFile; fileRef = 888CC1961DE4843000DAE48A /* RxSwift.framework */; };
		888CC1991DE4848500DAE48A /* RxCocoa.framework in Frameworks */ = {isa = PBXBuildFile; fileRef = 888CC1941DE4842B00DAE48A /* RxCocoa.framework */; };
		888CC1A91DE48A1000DAE48A /* RxSwiftUtilities.framework in Frameworks */ = {isa = PBXBuildFile; fileRef = 888CC1A01DE48A1000DAE48A /* RxSwiftUtilities.framework */; };
		888CC1B81DE48AD700DAE48A /* RxSwiftUtilities.h in Headers */ = {isa = PBXBuildFile; fileRef = 8803430B1DE303160055DA33 /* RxSwiftUtilities.h */; settings = {ATTRIBUTES = (Public, ); }; };
		888CC1B91DE48ADF00DAE48A /* ActivityIndicator.swift in Sources */ = {isa = PBXBuildFile; fileRef = 8803436A1DE396290055DA33 /* ActivityIndicator.swift */; };
		888CC1BA1DE48AE400DAE48A /* ActivityIndicatorTests.swift in Sources */ = {isa = PBXBuildFile; fileRef = 8803436E1DE397170055DA33 /* ActivityIndicatorTests.swift */; };
		888CC1C01DE48C6B00DAE48A /* RxCocoa.framework in Frameworks */ = {isa = PBXBuildFile; fileRef = 888CC1BE1DE48B1A00DAE48A /* RxCocoa.framework */; };
		888CC1C11DE48C6D00DAE48A /* RxSwift.framework in Frameworks */ = {isa = PBXBuildFile; fileRef = 888CC1BC1DE48B1300DAE48A /* RxSwift.framework */; };
		888CC1C31DE48DE400DAE48A /* RxSwift.framework in Frameworks */ = {isa = PBXBuildFile; fileRef = 888CC1BC1DE48B1300DAE48A /* RxSwift.framework */; };
		888CC1C41DE48DE700DAE48A /* RxCocoa.framework in Frameworks */ = {isa = PBXBuildFile; fileRef = 888CC1BE1DE48B1A00DAE48A /* RxCocoa.framework */; };
		888CC1D51DE48E9100DAE48A /* RxSwiftUtilities.framework in Frameworks */ = {isa = PBXBuildFile; fileRef = 888CC1CC1DE48E9000DAE48A /* RxSwiftUtilities.framework */; };
		888CC1E31DE48F9A00DAE48A /* RxSwiftUtilities.h in Headers */ = {isa = PBXBuildFile; fileRef = 8803430B1DE303160055DA33 /* RxSwiftUtilities.h */; settings = {ATTRIBUTES = (Public, ); }; };
		888CC1E41DE48FB300DAE48A /* ActivityIndicator.swift in Sources */ = {isa = PBXBuildFile; fileRef = 8803436A1DE396290055DA33 /* ActivityIndicator.swift */; };
		888CC1E51DE48FBA00DAE48A /* ActivityIndicatorTests.swift in Sources */ = {isa = PBXBuildFile; fileRef = 8803436E1DE397170055DA33 /* ActivityIndicatorTests.swift */; };
		888CC1E91DE48FFA00DAE48A /* RxCocoa.framework in Frameworks */ = {isa = PBXBuildFile; fileRef = 888CC1E71DE48FF600DAE48A /* RxCocoa.framework */; };
		888CC1EB1DE4900400DAE48A /* RxSwift.framework in Frameworks */ = {isa = PBXBuildFile; fileRef = 888CC1EA1DE4900400DAE48A /* RxSwift.framework */; };
		888CC1EC1DE4903900DAE48A /* RxSwift.framework in Frameworks */ = {isa = PBXBuildFile; fileRef = 888CC1EA1DE4900400DAE48A /* RxSwift.framework */; };
		888CC1ED1DE4903B00DAE48A /* RxCocoa.framework in Frameworks */ = {isa = PBXBuildFile; fileRef = 888CC1E71DE48FF600DAE48A /* RxCocoa.framework */; };
		88E73C691DE481F600C0D2F6 /* RxSwiftUtilities.h in Headers */ = {isa = PBXBuildFile; fileRef = 8803430B1DE303160055DA33 /* RxSwiftUtilities.h */; settings = {ATTRIBUTES = (Public, ); }; };
		88E73C6A1DE4821F00C0D2F6 /* ActivityIndicator.swift in Sources */ = {isa = PBXBuildFile; fileRef = 8803436A1DE396290055DA33 /* ActivityIndicator.swift */; };
/* End PBXBuildFile section */

/* Begin PBXContainerItemProxy section */
		880343131DE303160055DA33 /* PBXContainerItemProxy */ = {
			isa = PBXContainerItemProxy;
			containerPortal = 880342FF1DE303160055DA33 /* Project object */;
			proxyType = 1;
			remoteGlobalIDString = 880343071DE303160055DA33;
			remoteInfo = RxSwiftUtilities;
		};
		888CC1AA1DE48A1000DAE48A /* PBXContainerItemProxy */ = {
			isa = PBXContainerItemProxy;
			containerPortal = 880342FF1DE303160055DA33 /* Project object */;
			proxyType = 1;
			remoteGlobalIDString = 888CC19F1DE48A1000DAE48A;
			remoteInfo = "RxSwiftUtilities tvOS";
		};
		888CC1D61DE48E9100DAE48A /* PBXContainerItemProxy */ = {
			isa = PBXContainerItemProxy;
			containerPortal = 880342FF1DE303160055DA33 /* Project object */;
			proxyType = 1;
			remoteGlobalIDString = 888CC1CB1DE48E9000DAE48A;
			remoteInfo = "RxSwiftUtilities macOS";
		};
/* End PBXContainerItemProxy section */

/* Begin PBXFileReference section */
		880343081DE303160055DA33 /* RxSwiftUtilities.framework */ = {isa = PBXFileReference; explicitFileType = wrapper.framework; includeInIndex = 0; path = RxSwiftUtilities.framework; sourceTree = BUILT_PRODUCTS_DIR; };
		8803430B1DE303160055DA33 /* RxSwiftUtilities.h */ = {isa = PBXFileReference; lastKnownFileType = sourcecode.c.h; path = RxSwiftUtilities.h; sourceTree = "<group>"; };
		8803430C1DE303160055DA33 /* Info.plist */ = {isa = PBXFileReference; lastKnownFileType = text.plist.xml; path = Info.plist; sourceTree = "<group>"; };
		880343111DE303160055DA33 /* RxSwiftUtilitiesTests iOS.xctest */ = {isa = PBXFileReference; explicitFileType = wrapper.cfbundle; includeInIndex = 0; path = "RxSwiftUtilitiesTests iOS.xctest"; sourceTree = BUILT_PRODUCTS_DIR; };
		880343181DE303160055DA33 /* Info.plist */ = {isa = PBXFileReference; lastKnownFileType = text.plist.xml; path = Info.plist; sourceTree = "<group>"; };
		880343671DE395A20055DA33 /* RxCocoa.framework */ = {isa = PBXFileReference; lastKnownFileType = wrapper.framework; name = RxCocoa.framework; path = Carthage/Build/iOS/RxCocoa.framework; sourceTree = "<group>"; };
		8803436A1DE396290055DA33 /* ActivityIndicator.swift */ = {isa = PBXFileReference; fileEncoding = 4; lastKnownFileType = sourcecode.swift; path = ActivityIndicator.swift; sourceTree = "<group>"; };
		8803436E1DE397170055DA33 /* ActivityIndicatorTests.swift */ = {isa = PBXFileReference; fileEncoding = 4; lastKnownFileType = sourcecode.swift; path = ActivityIndicatorTests.swift; sourceTree = "<group>"; };
		888CC1901DE4839900DAE48A /* RxSwift.framework */ = {isa = PBXFileReference; lastKnownFileType = wrapper.framework; name = RxSwift.framework; path = Carthage/Build/iOS/RxSwift.framework; sourceTree = "<group>"; };
		888CC1941DE4842B00DAE48A /* RxCocoa.framework */ = {isa = PBXFileReference; lastKnownFileType = wrapper.framework; name = RxCocoa.framework; path = Carthage/Build/watchOS/RxCocoa.framework; sourceTree = "<group>"; };
		888CC1961DE4843000DAE48A /* RxSwift.framework */ = {isa = PBXFileReference; lastKnownFileType = wrapper.framework; name = RxSwift.framework; path = Carthage/Build/watchOS/RxSwift.framework; sourceTree = "<group>"; };
		888CC1A01DE48A1000DAE48A /* RxSwiftUtilities.framework */ = {isa = PBXFileReference; explicitFileType = wrapper.framework; includeInIndex = 0; path = RxSwiftUtilities.framework; sourceTree = BUILT_PRODUCTS_DIR; };
		888CC1A81DE48A1000DAE48A /* RxSwiftUtilitiesTests tvOS.xctest */ = {isa = PBXFileReference; explicitFileType = wrapper.cfbundle; includeInIndex = 0; path = "RxSwiftUtilitiesTests tvOS.xctest"; sourceTree = BUILT_PRODUCTS_DIR; };
		888CC1BC1DE48B1300DAE48A /* RxSwift.framework */ = {isa = PBXFileReference; lastKnownFileType = wrapper.framework; name = RxSwift.framework; path = Carthage/Build/tvOS/RxSwift.framework; sourceTree = "<group>"; };
		888CC1BE1DE48B1A00DAE48A /* RxCocoa.framework */ = {isa = PBXFileReference; lastKnownFileType = wrapper.framework; name = RxCocoa.framework; path = Carthage/Build/tvOS/RxCocoa.framework; sourceTree = "<group>"; };
		888CC1CC1DE48E9000DAE48A /* RxSwiftUtilities.framework */ = {isa = PBXFileReference; explicitFileType = wrapper.framework; includeInIndex = 0; path = RxSwiftUtilities.framework; sourceTree = BUILT_PRODUCTS_DIR; };
		888CC1D41DE48E9100DAE48A /* RxSwiftUtilitiesTests macOS.xctest */ = {isa = PBXFileReference; explicitFileType = wrapper.cfbundle; includeInIndex = 0; path = "RxSwiftUtilitiesTests macOS.xctest"; sourceTree = BUILT_PRODUCTS_DIR; };
		888CC1E71DE48FF600DAE48A /* RxCocoa.framework */ = {isa = PBXFileReference; lastKnownFileType = wrapper.framework; name = RxCocoa.framework; path = Carthage/Build/Mac/RxCocoa.framework; sourceTree = "<group>"; };
		888CC1EA1DE4900400DAE48A /* RxSwift.framework */ = {isa = PBXFileReference; lastKnownFileType = wrapper.framework; name = RxSwift.framework; path = Carthage/Build/Mac/RxSwift.framework; sourceTree = "<group>"; };
		88E73C611DE481A100C0D2F6 /* RxSwiftUtilities.framework */ = {isa = PBXFileReference; explicitFileType = wrapper.framework; includeInIndex = 0; path = RxSwiftUtilities.framework; sourceTree = BUILT_PRODUCTS_DIR; };
/* End PBXFileReference section */

/* Begin PBXFrameworksBuildPhase section */
		880343041DE303160055DA33 /* Frameworks */ = {
			isa = PBXFrameworksBuildPhase;
			buildActionMask = 2147483647;
			files = (
				888CC1911DE4839900DAE48A /* RxSwift.framework in Frameworks */,
				880343681DE395A20055DA33 /* RxCocoa.framework in Frameworks */,
			);
			runOnlyForDeploymentPostprocessing = 0;
		};
		8803430E1DE303160055DA33 /* Frameworks */ = {
			isa = PBXFrameworksBuildPhase;
			buildActionMask = 2147483647;
			files = (
				880343121DE303160055DA33 /* RxSwiftUtilities.framework in Frameworks */,
			);
			runOnlyForDeploymentPostprocessing = 0;
		};
		888CC19C1DE48A1000DAE48A /* Frameworks */ = {
			isa = PBXFrameworksBuildPhase;
			buildActionMask = 2147483647;
			files = (
				888CC1C11DE48C6D00DAE48A /* RxSwift.framework in Frameworks */,
				888CC1C01DE48C6B00DAE48A /* RxCocoa.framework in Frameworks */,
			);
			runOnlyForDeploymentPostprocessing = 0;
		};
		888CC1A51DE48A1000DAE48A /* Frameworks */ = {
			isa = PBXFrameworksBuildPhase;
			buildActionMask = 2147483647;
			files = (
				888CC1A91DE48A1000DAE48A /* RxSwiftUtilities.framework in Frameworks */,
				888CC1C31DE48DE400DAE48A /* RxSwift.framework in Frameworks */,
				888CC1C41DE48DE700DAE48A /* RxCocoa.framework in Frameworks */,
			);
			runOnlyForDeploymentPostprocessing = 0;
		};
		888CC1C81DE48E9000DAE48A /* Frameworks */ = {
			isa = PBXFrameworksBuildPhase;
			buildActionMask = 2147483647;
			files = (
				888CC1EB1DE4900400DAE48A /* RxSwift.framework in Frameworks */,
				888CC1E91DE48FFA00DAE48A /* RxCocoa.framework in Frameworks */,
			);
			runOnlyForDeploymentPostprocessing = 0;
		};
		888CC1D11DE48E9100DAE48A /* Frameworks */ = {
			isa = PBXFrameworksBuildPhase;
			buildActionMask = 2147483647;
			files = (
				888CC1D51DE48E9100DAE48A /* RxSwiftUtilities.framework in Frameworks */,
				888CC1EC1DE4903900DAE48A /* RxSwift.framework in Frameworks */,
				888CC1ED1DE4903B00DAE48A /* RxCocoa.framework in Frameworks */,
			);
			runOnlyForDeploymentPostprocessing = 0;
		};
		88E73C5D1DE481A100C0D2F6 /* Frameworks */ = {
			isa = PBXFrameworksBuildPhase;
			buildActionMask = 2147483647;
			files = (
				888CC1981DE4848300DAE48A /* RxSwift.framework in Frameworks */,
				888CC1991DE4848500DAE48A /* RxCocoa.framework in Frameworks */,
			);
			runOnlyForDeploymentPostprocessing = 0;
		};
/* End PBXFrameworksBuildPhase section */

/* Begin PBXGroup section */
		880342FE1DE303160055DA33 = {
			isa = PBXGroup;
			children = (
				8803430A1DE303160055DA33 /* Source */,
				880343151DE303160055DA33 /* Tests */,
				880343091DE303160055DA33 /* Products */,
				8803434D1DE34B0F0055DA33 /* Frameworks */,
			);
			sourceTree = "<group>";
		};
		880343091DE303160055DA33 /* Products */ = {
			isa = PBXGroup;
			children = (
				880343081DE303160055DA33 /* RxSwiftUtilities.framework */,
				880343111DE303160055DA33 /* RxSwiftUtilitiesTests iOS.xctest */,
				88E73C611DE481A100C0D2F6 /* RxSwiftUtilities.framework */,
				888CC1A01DE48A1000DAE48A /* RxSwiftUtilities.framework */,
				888CC1A81DE48A1000DAE48A /* RxSwiftUtilitiesTests tvOS.xctest */,
				888CC1CC1DE48E9000DAE48A /* RxSwiftUtilities.framework */,
				888CC1D41DE48E9100DAE48A /* RxSwiftUtilitiesTests macOS.xctest */,
			);
			name = Products;
			sourceTree = "<group>";
		};
		8803430A1DE303160055DA33 /* Source */ = {
			isa = PBXGroup;
			children = (
				8803436A1DE396290055DA33 /* ActivityIndicator.swift */,
				880343321DE315A90055DA33 /* Supporting Files */,
			);
			path = Source;
			sourceTree = "<group>";
		};
		880343151DE303160055DA33 /* Tests */ = {
			isa = PBXGroup;
			children = (
				8803436E1DE397170055DA33 /* ActivityIndicatorTests.swift */,
				880343331DE315B70055DA33 /* Supporting Files */,
			);
			path = Tests;
			sourceTree = "<group>";
		};
		880343321DE315A90055DA33 /* Supporting Files */ = {
			isa = PBXGroup;
			children = (
				8803430B1DE303160055DA33 /* RxSwiftUtilities.h */,
				8803430C1DE303160055DA33 /* Info.plist */,
			);
			name = "Supporting Files";
			sourceTree = "<group>";
		};
		880343331DE315B70055DA33 /* Supporting Files */ = {
			isa = PBXGroup;
			children = (
				880343181DE303160055DA33 /* Info.plist */,
			);
			name = "Supporting Files";
			sourceTree = "<group>";
		};
		8803434D1DE34B0F0055DA33 /* Frameworks */ = {
			isa = PBXGroup;
			children = (
				888CC1921DE483AC00DAE48A /* iOS */,
				888CC1E61DE48FE600DAE48A /* macOS */,
				888CC1BB1DE48AF800DAE48A /* tvOS */,
				888CC1931DE4841400DAE48A /* watchOS */,
			);
			name = Frameworks;
			sourceTree = "<group>";
		};
		888CC1921DE483AC00DAE48A /* iOS */ = {
			isa = PBXGroup;
			children = (
				888CC1901DE4839900DAE48A /* RxSwift.framework */,
				880343671DE395A20055DA33 /* RxCocoa.framework */,
			);
			name = iOS;
			sourceTree = "<group>";
		};
		888CC1931DE4841400DAE48A /* watchOS */ = {
			isa = PBXGroup;
			children = (
				888CC1961DE4843000DAE48A /* RxSwift.framework */,
				888CC1941DE4842B00DAE48A /* RxCocoa.framework */,
			);
			name = watchOS;
			sourceTree = "<group>";
		};
		888CC1BB1DE48AF800DAE48A /* tvOS */ = {
			isa = PBXGroup;
			children = (
				888CC1BC1DE48B1300DAE48A /* RxSwift.framework */,
				888CC1BE1DE48B1A00DAE48A /* RxCocoa.framework */,
			);
			name = tvOS;
			sourceTree = "<group>";
		};
		888CC1E61DE48FE600DAE48A /* macOS */ = {
			isa = PBXGroup;
			children = (
				888CC1EA1DE4900400DAE48A /* RxSwift.framework */,
				888CC1E71DE48FF600DAE48A /* RxCocoa.framework */,
			);
			name = macOS;
			sourceTree = "<group>";
		};
/* End PBXGroup section */

/* Begin PBXHeadersBuildPhase section */
		880343051DE303160055DA33 /* Headers */ = {
			isa = PBXHeadersBuildPhase;
			buildActionMask = 2147483647;
			files = (
				880343191DE303160055DA33 /* RxSwiftUtilities.h in Headers */,
			);
			runOnlyForDeploymentPostprocessing = 0;
		};
		888CC19D1DE48A1000DAE48A /* Headers */ = {
			isa = PBXHeadersBuildPhase;
			buildActionMask = 2147483647;
			files = (
				888CC1B81DE48AD700DAE48A /* RxSwiftUtilities.h in Headers */,
			);
			runOnlyForDeploymentPostprocessing = 0;
		};
		888CC1C91DE48E9000DAE48A /* Headers */ = {
			isa = PBXHeadersBuildPhase;
			buildActionMask = 2147483647;
			files = (
				888CC1E31DE48F9A00DAE48A /* RxSwiftUtilities.h in Headers */,
			);
			runOnlyForDeploymentPostprocessing = 0;
		};
		88E73C5E1DE481A100C0D2F6 /* Headers */ = {
			isa = PBXHeadersBuildPhase;
			buildActionMask = 2147483647;
			files = (
				88E73C691DE481F600C0D2F6 /* RxSwiftUtilities.h in Headers */,
			);
			runOnlyForDeploymentPostprocessing = 0;
		};
/* End PBXHeadersBuildPhase section */

/* Begin PBXNativeTarget section */
		880343071DE303160055DA33 /* RxSwiftUtilities iOS */ = {
			isa = PBXNativeTarget;
			buildConfigurationList = 8803431C1DE303160055DA33 /* Build configuration list for PBXNativeTarget "RxSwiftUtilities iOS" */;
			buildPhases = (
				880343031DE303160055DA33 /* Sources */,
				880343041DE303160055DA33 /* Frameworks */,
				880343051DE303160055DA33 /* Headers */,
				880343061DE303160055DA33 /* Resources */,
			);
			buildRules = (
			);
			dependencies = (
			);
			name = "RxSwiftUtilities iOS";
			productName = RxSwiftUtilities;
			productReference = 880343081DE303160055DA33 /* RxSwiftUtilities.framework */;
			productType = "com.apple.product-type.framework";
		};
		880343101DE303160055DA33 /* RxSwiftUtilitiesTests iOS */ = {
			isa = PBXNativeTarget;
			buildConfigurationList = 8803431F1DE303160055DA33 /* Build configuration list for PBXNativeTarget "RxSwiftUtilitiesTests iOS" */;
			buildPhases = (
				8803430D1DE303160055DA33 /* Sources */,
				8803430E1DE303160055DA33 /* Frameworks */,
				8803430F1DE303160055DA33 /* Resources */,
				880343661DE395350055DA33 /* Carthage */,
			);
			buildRules = (
			);
			dependencies = (
				880343141DE303160055DA33 /* PBXTargetDependency */,
			);
			name = "RxSwiftUtilitiesTests iOS";
			productName = RxSwiftUtilitiesTests;
			productReference = 880343111DE303160055DA33 /* RxSwiftUtilitiesTests iOS.xctest */;
			productType = "com.apple.product-type.bundle.unit-test";
		};
		888CC19F1DE48A1000DAE48A /* RxSwiftUtilities tvOS */ = {
			isa = PBXNativeTarget;
			buildConfigurationList = 888CC1B11DE48A1000DAE48A /* Build configuration list for PBXNativeTarget "RxSwiftUtilities tvOS" */;
			buildPhases = (
				888CC19B1DE48A1000DAE48A /* Sources */,
				888CC19C1DE48A1000DAE48A /* Frameworks */,
				888CC19D1DE48A1000DAE48A /* Headers */,
				888CC19E1DE48A1000DAE48A /* Resources */,
			);
			buildRules = (
			);
			dependencies = (
			);
			name = "RxSwiftUtilities tvOS";
			productName = "RxSwiftUtilities tvOS";
			productReference = 888CC1A01DE48A1000DAE48A /* RxSwiftUtilities.framework */;
			productType = "com.apple.product-type.framework";
		};
		888CC1A71DE48A1000DAE48A /* RxSwiftUtilitiesTests tvOS */ = {
			isa = PBXNativeTarget;
			buildConfigurationList = 888CC1B41DE48A1000DAE48A /* Build configuration list for PBXNativeTarget "RxSwiftUtilitiesTests tvOS" */;
			buildPhases = (
				888CC1A41DE48A1000DAE48A /* Sources */,
				888CC1A51DE48A1000DAE48A /* Frameworks */,
				888CC1A61DE48A1000DAE48A /* Resources */,
				888CC1C51DE48DEB00DAE48A /* Carthage */,
			);
			buildRules = (
			);
			dependencies = (
				888CC1AB1DE48A1000DAE48A /* PBXTargetDependency */,
			);
			name = "RxSwiftUtilitiesTests tvOS";
			productName = "RxSwiftUtilities tvOSTests";
			productReference = 888CC1A81DE48A1000DAE48A /* RxSwiftUtilitiesTests tvOS.xctest */;
			productType = "com.apple.product-type.bundle.unit-test";
		};
		888CC1CB1DE48E9000DAE48A /* RxSwiftUtilities macOS */ = {
			isa = PBXNativeTarget;
			buildConfigurationList = 888CC1E11DE48E9100DAE48A /* Build configuration list for PBXNativeTarget "RxSwiftUtilities macOS" */;
			buildPhases = (
				888CC1C71DE48E9000DAE48A /* Sources */,
				888CC1C81DE48E9000DAE48A /* Frameworks */,
				888CC1C91DE48E9000DAE48A /* Headers */,
				888CC1CA1DE48E9000DAE48A /* Resources */,
			);
			buildRules = (
			);
			dependencies = (
			);
			name = "RxSwiftUtilities macOS";
			productName = "RxSwiftUtilities macOS";
			productReference = 888CC1CC1DE48E9000DAE48A /* RxSwiftUtilities.framework */;
			productType = "com.apple.product-type.framework";
		};
		888CC1D31DE48E9100DAE48A /* RxSwiftUtilitiesTests macOS */ = {
			isa = PBXNativeTarget;
			buildConfigurationList = 888CC1E21DE48E9100DAE48A /* Build configuration list for PBXNativeTarget "RxSwiftUtilitiesTests macOS" */;
			buildPhases = (
				888CC1D01DE48E9100DAE48A /* Sources */,
				888CC1D11DE48E9100DAE48A /* Frameworks */,
				888CC1D21DE48E9100DAE48A /* Resources */,
				888CC1EF1DE4928800DAE48A /* Carthage */,
			);
			buildRules = (
			);
			dependencies = (
				888CC1D71DE48E9100DAE48A /* PBXTargetDependency */,
			);
			name = "RxSwiftUtilitiesTests macOS";
			productName = "RxSwiftUtilities macOSTests";
			productReference = 888CC1D41DE48E9100DAE48A /* RxSwiftUtilitiesTests macOS.xctest */;
			productType = "com.apple.product-type.bundle.unit-test";
		};
		88E73C601DE481A100C0D2F6 /* RxSwiftUtilities watchOS */ = {
			isa = PBXNativeTarget;
			buildConfigurationList = 88E73C681DE481A100C0D2F6 /* Build configuration list for PBXNativeTarget "RxSwiftUtilities watchOS" */;
			buildPhases = (
				88E73C5C1DE481A100C0D2F6 /* Sources */,
				88E73C5D1DE481A100C0D2F6 /* Frameworks */,
				88E73C5E1DE481A100C0D2F6 /* Headers */,
				88E73C5F1DE481A100C0D2F6 /* Resources */,
			);
			buildRules = (
			);
			dependencies = (
			);
			name = "RxSwiftUtilities watchOS";
			productName = "RxSwiftUtilities watchOS";
			productReference = 88E73C611DE481A100C0D2F6 /* RxSwiftUtilities.framework */;
			productType = "com.apple.product-type.framework";
		};
/* End PBXNativeTarget section */

/* Begin PBXProject section */
		880342FF1DE303160055DA33 /* Project object */ = {
			isa = PBXProject;
			attributes = {
				LastSwiftUpdateCheck = 0800;
				LastUpgradeCheck = 0920;
				ORGANIZATIONNAME = RxSwiftCommunity;
				TargetAttributes = {
					880343071DE303160055DA33 = {
						CreatedOnToolsVersion = 8.0;
						LastSwiftMigration = 0920;
						ProvisioningStyle = Automatic;
					};
					880343101DE303160055DA33 = {
						CreatedOnToolsVersion = 8.0;
						LastSwiftMigration = 0920;
						ProvisioningStyle = Automatic;
					};
					888CC19F1DE48A1000DAE48A = {
						CreatedOnToolsVersion = 8.0;
						LastSwiftMigration = 0920;
						ProvisioningStyle = Automatic;
					};
					888CC1A71DE48A1000DAE48A = {
						CreatedOnToolsVersion = 8.0;
						LastSwiftMigration = 0920;
						ProvisioningStyle = Automatic;
					};
					888CC1CB1DE48E9000DAE48A = {
						CreatedOnToolsVersion = 8.0;
						LastSwiftMigration = 0920;
						ProvisioningStyle = Automatic;
					};
					888CC1D31DE48E9100DAE48A = {
						CreatedOnToolsVersion = 8.0;
						LastSwiftMigration = 0920;
						ProvisioningStyle = Automatic;
					};
					88E73C601DE481A100C0D2F6 = {
						CreatedOnToolsVersion = 8.0;
						LastSwiftMigration = 0920;
						ProvisioningStyle = Automatic;
					};
				};
			};
			buildConfigurationList = 880343021DE303160055DA33 /* Build configuration list for PBXProject "RxSwiftUtilities" */;
			compatibilityVersion = "Xcode 3.2";
			developmentRegion = English;
			hasScannedForEncodings = 0;
			knownRegions = (
				en,
			);
			mainGroup = 880342FE1DE303160055DA33;
			productRefGroup = 880343091DE303160055DA33 /* Products */;
			projectDirPath = "";
			projectRoot = "";
			targets = (
				880343071DE303160055DA33 /* RxSwiftUtilities iOS */,
				888CC1CB1DE48E9000DAE48A /* RxSwiftUtilities macOS */,
				888CC19F1DE48A1000DAE48A /* RxSwiftUtilities tvOS */,
				88E73C601DE481A100C0D2F6 /* RxSwiftUtilities watchOS */,
				880343101DE303160055DA33 /* RxSwiftUtilitiesTests iOS */,
				888CC1D31DE48E9100DAE48A /* RxSwiftUtilitiesTests macOS */,
				888CC1A71DE48A1000DAE48A /* RxSwiftUtilitiesTests tvOS */,
			);
		};
/* End PBXProject section */

/* Begin PBXResourcesBuildPhase section */
		880343061DE303160055DA33 /* Resources */ = {
			isa = PBXResourcesBuildPhase;
			buildActionMask = 2147483647;
			files = (
			);
			runOnlyForDeploymentPostprocessing = 0;
		};
		8803430F1DE303160055DA33 /* Resources */ = {
			isa = PBXResourcesBuildPhase;
			buildActionMask = 2147483647;
			files = (
			);
			runOnlyForDeploymentPostprocessing = 0;
		};
		888CC19E1DE48A1000DAE48A /* Resources */ = {
			isa = PBXResourcesBuildPhase;
			buildActionMask = 2147483647;
			files = (
			);
			runOnlyForDeploymentPostprocessing = 0;
		};
		888CC1A61DE48A1000DAE48A /* Resources */ = {
			isa = PBXResourcesBuildPhase;
			buildActionMask = 2147483647;
			files = (
			);
			runOnlyForDeploymentPostprocessing = 0;
		};
		888CC1CA1DE48E9000DAE48A /* Resources */ = {
			isa = PBXResourcesBuildPhase;
			buildActionMask = 2147483647;
			files = (
			);
			runOnlyForDeploymentPostprocessing = 0;
		};
		888CC1D21DE48E9100DAE48A /* Resources */ = {
			isa = PBXResourcesBuildPhase;
			buildActionMask = 2147483647;
			files = (
			);
			runOnlyForDeploymentPostprocessing = 0;
		};
		88E73C5F1DE481A100C0D2F6 /* Resources */ = {
			isa = PBXResourcesBuildPhase;
			buildActionMask = 2147483647;
			files = (
			);
			runOnlyForDeploymentPostprocessing = 0;
		};
/* End PBXResourcesBuildPhase section */

/* Begin PBXShellScriptBuildPhase section */
		880343661DE395350055DA33 /* Carthage */ = {
			isa = PBXShellScriptBuildPhase;
			buildActionMask = 2147483647;
			files = (
			);
			inputPaths = (
				"$(SRCROOT)/Carthage/Build/iOS/RxSwift.framework",
				"$(SRCROOT)/Carthage/Build/iOS/RxCocoa.framework",
			);
			name = Carthage;
			outputPaths = (
			);
			runOnlyForDeploymentPostprocessing = 0;
			shellPath = /bin/sh;
			shellScript = "/usr/local/bin/carthage copy-frameworks";
		};
		888CC1C51DE48DEB00DAE48A /* Carthage */ = {
			isa = PBXShellScriptBuildPhase;
			buildActionMask = 2147483647;
			files = (
			);
			inputPaths = (
				"$(SRCROOT)/Carthage/Build/tvOS/RxSwift.framework",
				"$(SRCROOT)/Carthage/Build/tvOS/RxCocoa.framework",
			);
			name = Carthage;
			outputPaths = (
			);
			runOnlyForDeploymentPostprocessing = 0;
			shellPath = /bin/sh;
			shellScript = "/usr/local/bin/carthage copy-frameworks";
		};
		888CC1EF1DE4928800DAE48A /* Carthage */ = {
			isa = PBXShellScriptBuildPhase;
			buildActionMask = 2147483647;
			files = (
			);
			inputPaths = (
				"$(SRCROOT)/Carthage/Build/Mac/RxSwift.framework",
				"$(SRCROOT)/Carthage/Build/Mac/RxCocoa.framework",
			);
			name = Carthage;
			outputPaths = (
			);
			runOnlyForDeploymentPostprocessing = 0;
			shellPath = /bin/sh;
			shellScript = "/usr/local/bin/carthage copy-frameworks";
		};
/* End PBXShellScriptBuildPhase section */

/* Begin PBXSourcesBuildPhase section */
		880343031DE303160055DA33 /* Sources */ = {
			isa = PBXSourcesBuildPhase;
			buildActionMask = 2147483647;
			files = (
				8803436B1DE396290055DA33 /* ActivityIndicator.swift in Sources */,
			);
			runOnlyForDeploymentPostprocessing = 0;
		};
		8803430D1DE303160055DA33 /* Sources */ = {
			isa = PBXSourcesBuildPhase;
			buildActionMask = 2147483647;
			files = (
				8803436F1DE397170055DA33 /* ActivityIndicatorTests.swift in Sources */,
			);
			runOnlyForDeploymentPostprocessing = 0;
		};
		888CC19B1DE48A1000DAE48A /* Sources */ = {
			isa = PBXSourcesBuildPhase;
			buildActionMask = 2147483647;
			files = (
				888CC1B91DE48ADF00DAE48A /* ActivityIndicator.swift in Sources */,
			);
			runOnlyForDeploymentPostprocessing = 0;
		};
		888CC1A41DE48A1000DAE48A /* Sources */ = {
			isa = PBXSourcesBuildPhase;
			buildActionMask = 2147483647;
			files = (
				888CC1BA1DE48AE400DAE48A /* ActivityIndicatorTests.swift in Sources */,
			);
			runOnlyForDeploymentPostprocessing = 0;
		};
		888CC1C71DE48E9000DAE48A /* Sources */ = {
			isa = PBXSourcesBuildPhase;
			buildActionMask = 2147483647;
			files = (
				888CC1E41DE48FB300DAE48A /* ActivityIndicator.swift in Sources */,
			);
			runOnlyForDeploymentPostprocessing = 0;
		};
		888CC1D01DE48E9100DAE48A /* Sources */ = {
			isa = PBXSourcesBuildPhase;
			buildActionMask = 2147483647;
			files = (
				888CC1E51DE48FBA00DAE48A /* ActivityIndicatorTests.swift in Sources */,
			);
			runOnlyForDeploymentPostprocessing = 0;
		};
		88E73C5C1DE481A100C0D2F6 /* Sources */ = {
			isa = PBXSourcesBuildPhase;
			buildActionMask = 2147483647;
			files = (
				88E73C6A1DE4821F00C0D2F6 /* ActivityIndicator.swift in Sources */,
			);
			runOnlyForDeploymentPostprocessing = 0;
		};
/* End PBXSourcesBuildPhase section */

/* Begin PBXTargetDependency section */
		880343141DE303160055DA33 /* PBXTargetDependency */ = {
			isa = PBXTargetDependency;
			target = 880343071DE303160055DA33 /* RxSwiftUtilities iOS */;
			targetProxy = 880343131DE303160055DA33 /* PBXContainerItemProxy */;
		};
		888CC1AB1DE48A1000DAE48A /* PBXTargetDependency */ = {
			isa = PBXTargetDependency;
			target = 888CC19F1DE48A1000DAE48A /* RxSwiftUtilities tvOS */;
			targetProxy = 888CC1AA1DE48A1000DAE48A /* PBXContainerItemProxy */;
		};
		888CC1D71DE48E9100DAE48A /* PBXTargetDependency */ = {
			isa = PBXTargetDependency;
			target = 888CC1CB1DE48E9000DAE48A /* RxSwiftUtilities macOS */;
			targetProxy = 888CC1D61DE48E9100DAE48A /* PBXContainerItemProxy */;
		};
/* End PBXTargetDependency section */

/* Begin XCBuildConfiguration section */
		8803431A1DE303160055DA33 /* Debug */ = {
			isa = XCBuildConfiguration;
			buildSettings = {
				ALWAYS_SEARCH_USER_PATHS = NO;
				CLANG_ANALYZER_NONNULL = YES;
				CLANG_CXX_LANGUAGE_STANDARD = "gnu++0x";
				CLANG_CXX_LIBRARY = "libc++";
				CLANG_ENABLE_MODULES = YES;
				CLANG_ENABLE_OBJC_ARC = YES;
				CLANG_WARN_BLOCK_CAPTURE_AUTORELEASING = YES;
				CLANG_WARN_BOOL_CONVERSION = YES;
				CLANG_WARN_COMMA = YES;
				CLANG_WARN_CONSTANT_CONVERSION = YES;
				CLANG_WARN_DIRECT_OBJC_ISA_USAGE = YES_ERROR;
				CLANG_WARN_DOCUMENTATION_COMMENTS = YES;
				CLANG_WARN_EMPTY_BODY = YES;
				CLANG_WARN_ENUM_CONVERSION = YES;
				CLANG_WARN_INFINITE_RECURSION = YES;
				CLANG_WARN_INT_CONVERSION = YES;
				CLANG_WARN_NON_LITERAL_NULL_CONVERSION = YES;
				CLANG_WARN_OBJC_LITERAL_CONVERSION = YES;
				CLANG_WARN_OBJC_ROOT_CLASS = YES_ERROR;
				CLANG_WARN_RANGE_LOOP_ANALYSIS = YES;
				CLANG_WARN_STRICT_PROTOTYPES = YES;
				CLANG_WARN_SUSPICIOUS_MOVE = YES;
				CLANG_WARN_SUSPICIOUS_MOVES = YES;
				CLANG_WARN_UNREACHABLE_CODE = YES;
				CLANG_WARN__DUPLICATE_METHOD_MATCH = YES;
				"CODE_SIGN_IDENTITY[sdk=iphoneos*]" = "iPhone Developer";
				COPY_PHASE_STRIP = NO;
				CURRENT_PROJECT_VERSION = 1;
				DEBUG_INFORMATION_FORMAT = dwarf;
				ENABLE_STRICT_OBJC_MSGSEND = YES;
				ENABLE_TESTABILITY = YES;
				GCC_C_LANGUAGE_STANDARD = gnu99;
				GCC_DYNAMIC_NO_PIC = NO;
				GCC_NO_COMMON_BLOCKS = YES;
				GCC_OPTIMIZATION_LEVEL = 0;
				GCC_PREPROCESSOR_DEFINITIONS = (
					"DEBUG=1",
					"$(inherited)",
				);
				GCC_WARN_64_TO_32_BIT_CONVERSION = YES;
				GCC_WARN_ABOUT_RETURN_TYPE = YES_ERROR;
				GCC_WARN_UNDECLARED_SELECTOR = YES;
				GCC_WARN_UNINITIALIZED_AUTOS = YES_AGGRESSIVE;
				GCC_WARN_UNUSED_FUNCTION = YES;
				GCC_WARN_UNUSED_VARIABLE = YES;
				IPHONEOS_DEPLOYMENT_TARGET = 8.0;
				MACOSX_DEPLOYMENT_TARGET = 10.10;
				MTL_ENABLE_DEBUG_INFO = YES;
				ONLY_ACTIVE_ARCH = YES;
				SDKROOT = iphoneos;
				SWIFT_ACTIVE_COMPILATION_CONDITIONS = DEBUG;
				SWIFT_OPTIMIZATION_LEVEL = "-Onone";
				TARGETED_DEVICE_FAMILY = "1,2";
				VERSIONING_SYSTEM = "apple-generic";
				VERSION_INFO_PREFIX = "";
			};
			name = Debug;
		};
		8803431B1DE303160055DA33 /* Release */ = {
			isa = XCBuildConfiguration;
			buildSettings = {
				ALWAYS_SEARCH_USER_PATHS = NO;
				CLANG_ANALYZER_NONNULL = YES;
				CLANG_CXX_LANGUAGE_STANDARD = "gnu++0x";
				CLANG_CXX_LIBRARY = "libc++";
				CLANG_ENABLE_MODULES = YES;
				CLANG_ENABLE_OBJC_ARC = YES;
				CLANG_WARN_BLOCK_CAPTURE_AUTORELEASING = YES;
				CLANG_WARN_BOOL_CONVERSION = YES;
				CLANG_WARN_COMMA = YES;
				CLANG_WARN_CONSTANT_CONVERSION = YES;
				CLANG_WARN_DIRECT_OBJC_ISA_USAGE = YES_ERROR;
				CLANG_WARN_DOCUMENTATION_COMMENTS = YES;
				CLANG_WARN_EMPTY_BODY = YES;
				CLANG_WARN_ENUM_CONVERSION = YES;
				CLANG_WARN_INFINITE_RECURSION = YES;
				CLANG_WARN_INT_CONVERSION = YES;
				CLANG_WARN_NON_LITERAL_NULL_CONVERSION = YES;
				CLANG_WARN_OBJC_LITERAL_CONVERSION = YES;
				CLANG_WARN_OBJC_ROOT_CLASS = YES_ERROR;
				CLANG_WARN_RANGE_LOOP_ANALYSIS = YES;
				CLANG_WARN_STRICT_PROTOTYPES = YES;
				CLANG_WARN_SUSPICIOUS_MOVE = YES;
				CLANG_WARN_SUSPICIOUS_MOVES = YES;
				CLANG_WARN_UNREACHABLE_CODE = YES;
				CLANG_WARN__DUPLICATE_METHOD_MATCH = YES;
				"CODE_SIGN_IDENTITY[sdk=iphoneos*]" = "iPhone Developer";
				COPY_PHASE_STRIP = NO;
				CURRENT_PROJECT_VERSION = 1;
				DEBUG_INFORMATION_FORMAT = "dwarf-with-dsym";
				ENABLE_NS_ASSERTIONS = NO;
				ENABLE_STRICT_OBJC_MSGSEND = YES;
				GCC_C_LANGUAGE_STANDARD = gnu99;
				GCC_NO_COMMON_BLOCKS = YES;
				GCC_WARN_64_TO_32_BIT_CONVERSION = YES;
				GCC_WARN_ABOUT_RETURN_TYPE = YES_ERROR;
				GCC_WARN_UNDECLARED_SELECTOR = YES;
				GCC_WARN_UNINITIALIZED_AUTOS = YES_AGGRESSIVE;
				GCC_WARN_UNUSED_FUNCTION = YES;
				GCC_WARN_UNUSED_VARIABLE = YES;
				IPHONEOS_DEPLOYMENT_TARGET = 8.0;
				MACOSX_DEPLOYMENT_TARGET = 10.10;
				MTL_ENABLE_DEBUG_INFO = NO;
				SDKROOT = iphoneos;
				SWIFT_OPTIMIZATION_LEVEL = "-Owholemodule";
				TARGETED_DEVICE_FAMILY = "1,2";
				VALIDATE_PRODUCT = YES;
				VERSIONING_SYSTEM = "apple-generic";
				VERSION_INFO_PREFIX = "";
			};
			name = Release;
		};
		8803431D1DE303160055DA33 /* Debug */ = {
			isa = XCBuildConfiguration;
			buildSettings = {
				CLANG_ENABLE_MODULES = YES;
				CODE_SIGN_IDENTITY = "";
				DEFINES_MODULE = YES;
				DYLIB_COMPATIBILITY_VERSION = 1;
				DYLIB_CURRENT_VERSION = 1;
				DYLIB_INSTALL_NAME_BASE = "@rpath";
				FRAMEWORK_SEARCH_PATHS = (
					"$(inherited)",
					"$(PROJECT_DIR)/Carthage/Build/iOS",
					"$(PROJECT_DIR)/Carthage/Build/Mac",
				);
				INFOPLIST_FILE = Source/Info.plist;
				INSTALL_PATH = "$(LOCAL_LIBRARY_DIR)/Frameworks";
				LD_RUNPATH_SEARCH_PATHS = "$(inherited) @executable_path/Frameworks @loader_path/Frameworks";
				PRODUCT_BUNDLE_IDENTIFIER = com.RxSwiftCommunity.RxSwiftUtilities;
				PRODUCT_NAME = RxSwiftUtilities;
				SKIP_INSTALL = YES;
				SWIFT_OPTIMIZATION_LEVEL = "-Onone";
				SWIFT_VERSION = 4.0;
			};
			name = Debug;
		};
		8803431E1DE303160055DA33 /* Release */ = {
			isa = XCBuildConfiguration;
			buildSettings = {
				CLANG_ENABLE_MODULES = YES;
				CODE_SIGN_IDENTITY = "";
				DEFINES_MODULE = YES;
				DYLIB_COMPATIBILITY_VERSION = 1;
				DYLIB_CURRENT_VERSION = 1;
				DYLIB_INSTALL_NAME_BASE = "@rpath";
				FRAMEWORK_SEARCH_PATHS = (
					"$(inherited)",
					"$(PROJECT_DIR)/Carthage/Build/iOS",
					"$(PROJECT_DIR)/Carthage/Build/Mac",
				);
				INFOPLIST_FILE = Source/Info.plist;
				INSTALL_PATH = "$(LOCAL_LIBRARY_DIR)/Frameworks";
				LD_RUNPATH_SEARCH_PATHS = "$(inherited) @executable_path/Frameworks @loader_path/Frameworks";
				PRODUCT_BUNDLE_IDENTIFIER = com.RxSwiftCommunity.RxSwiftUtilities;
				PRODUCT_NAME = RxSwiftUtilities;
				SKIP_INSTALL = YES;
				SWIFT_VERSION = 4.0;
			};
			name = Release;
		};
		880343201DE303160055DA33 /* Debug */ = {
			isa = XCBuildConfiguration;
			buildSettings = {
				ALWAYS_EMBED_SWIFT_STANDARD_LIBRARIES = YES;
				FRAMEWORK_SEARCH_PATHS = (
					"$(inherited)",
					"$(PROJECT_DIR)/Carthage/Build/iOS",
				);
				INFOPLIST_FILE = Tests/Info.plist;
				LD_RUNPATH_SEARCH_PATHS = "$(inherited) @executable_path/Frameworks @loader_path/Frameworks";
				PRODUCT_BUNDLE_IDENTIFIER = com.RxSwiftCommunity.RxSwiftUtilitiesTests;
				PRODUCT_NAME = "$(TARGET_NAME)";
				SWIFT_VERSION = 4.0;
			};
			name = Debug;
		};
		880343211DE303160055DA33 /* Release */ = {
			isa = XCBuildConfiguration;
			buildSettings = {
				ALWAYS_EMBED_SWIFT_STANDARD_LIBRARIES = YES;
				FRAMEWORK_SEARCH_PATHS = (
					"$(inherited)",
					"$(PROJECT_DIR)/Carthage/Build/iOS",
				);
				INFOPLIST_FILE = Tests/Info.plist;
				LD_RUNPATH_SEARCH_PATHS = "$(inherited) @executable_path/Frameworks @loader_path/Frameworks";
				PRODUCT_BUNDLE_IDENTIFIER = com.RxSwiftCommunity.RxSwiftUtilitiesTests;
				PRODUCT_NAME = "$(TARGET_NAME)";
				SWIFT_VERSION = 4.0;
			};
			name = Release;
		};
		888CC1B21DE48A1000DAE48A /* Debug */ = {
			isa = XCBuildConfiguration;
			buildSettings = {
				CODE_SIGN_IDENTITY = "";
				DEFINES_MODULE = YES;
				DYLIB_COMPATIBILITY_VERSION = 1;
				DYLIB_CURRENT_VERSION = 1;
				DYLIB_INSTALL_NAME_BASE = "@rpath";
				FRAMEWORK_SEARCH_PATHS = (
					"$(inherited)",
					"$(PROJECT_DIR)/Carthage/Build/tvOS",
				);
				INFOPLIST_FILE = "$(SRCROOT)/Source/Info.plist";
				INSTALL_PATH = "$(LOCAL_LIBRARY_DIR)/Frameworks";
				LD_RUNPATH_SEARCH_PATHS = "$(inherited) @executable_path/Frameworks @loader_path/Frameworks";
				PRODUCT_BUNDLE_IDENTIFIER = "com.RxSwiftCommunity.RxSwiftUtilities-tvOS";
				PRODUCT_NAME = RxSwiftUtilities;
				SDKROOT = appletvos;
				SKIP_INSTALL = YES;
				SWIFT_VERSION = 4.0;
				TARGETED_DEVICE_FAMILY = 3;
				TVOS_DEPLOYMENT_TARGET = 9.0;
			};
			name = Debug;
		};
		888CC1B31DE48A1000DAE48A /* Release */ = {
			isa = XCBuildConfiguration;
			buildSettings = {
				CODE_SIGN_IDENTITY = "";
				DEFINES_MODULE = YES;
				DYLIB_COMPATIBILITY_VERSION = 1;
				DYLIB_CURRENT_VERSION = 1;
				DYLIB_INSTALL_NAME_BASE = "@rpath";
				FRAMEWORK_SEARCH_PATHS = (
					"$(inherited)",
					"$(PROJECT_DIR)/Carthage/Build/tvOS",
				);
				INFOPLIST_FILE = "$(SRCROOT)/Source/Info.plist";
				INSTALL_PATH = "$(LOCAL_LIBRARY_DIR)/Frameworks";
				LD_RUNPATH_SEARCH_PATHS = "$(inherited) @executable_path/Frameworks @loader_path/Frameworks";
				PRODUCT_BUNDLE_IDENTIFIER = "com.RxSwiftCommunity.RxSwiftUtilities-tvOS";
				PRODUCT_NAME = RxSwiftUtilities;
				SDKROOT = appletvos;
				SKIP_INSTALL = YES;
				SWIFT_VERSION = 4.0;
				TARGETED_DEVICE_FAMILY = 3;
				TVOS_DEPLOYMENT_TARGET = 9.0;
			};
			name = Release;
		};
		888CC1B51DE48A1000DAE48A /* Debug */ = {
			isa = XCBuildConfiguration;
			buildSettings = {
				ALWAYS_EMBED_SWIFT_STANDARD_LIBRARIES = YES;
				FRAMEWORK_SEARCH_PATHS = (
					"$(inherited)",
					"$(PROJECT_DIR)/Carthage/Build/tvOS",
				);
				INFOPLIST_FILE = Source/Info.plist;
				LD_RUNPATH_SEARCH_PATHS = "$(inherited) @executable_path/Frameworks @loader_path/Frameworks";
				PRODUCT_BUNDLE_IDENTIFIER = "com.RxSwiftCommunity.RxSwiftUtilities-tvOSTests";
				PRODUCT_NAME = "$(TARGET_NAME)";
				SDKROOT = appletvos;
				SWIFT_VERSION = 4.0;
				TVOS_DEPLOYMENT_TARGET = 10.0;
			};
			name = Debug;
		};
		888CC1B61DE48A1000DAE48A /* Release */ = {
			isa = XCBuildConfiguration;
			buildSettings = {
				ALWAYS_EMBED_SWIFT_STANDARD_LIBRARIES = YES;
				FRAMEWORK_SEARCH_PATHS = (
					"$(inherited)",
					"$(PROJECT_DIR)/Carthage/Build/tvOS",
				);
				INFOPLIST_FILE = Source/Info.plist;
				LD_RUNPATH_SEARCH_PATHS = "$(inherited) @executable_path/Frameworks @loader_path/Frameworks";
				PRODUCT_BUNDLE_IDENTIFIER = "com.RxSwiftCommunity.RxSwiftUtilities-tvOSTests";
				PRODUCT_NAME = "$(TARGET_NAME)";
				SDKROOT = appletvos;
				SWIFT_VERSION = 4.0;
				TVOS_DEPLOYMENT_TARGET = 10.0;
			};
			name = Release;
		};
		888CC1DD1DE48E9100DAE48A /* Debug */ = {
			isa = XCBuildConfiguration;
			buildSettings = {
				CODE_SIGN_IDENTITY = "-";
				COMBINE_HIDPI_IMAGES = YES;
				DEFINES_MODULE = YES;
				DYLIB_COMPATIBILITY_VERSION = 1;
				DYLIB_CURRENT_VERSION = 1;
				DYLIB_INSTALL_NAME_BASE = "@rpath";
				FRAMEWORK_SEARCH_PATHS = (
					"$(inherited)",
					"$(PROJECT_DIR)/Carthage/Build/Mac",
				);
				FRAMEWORK_VERSION = A;
				INFOPLIST_FILE = "$(SRCROOT)/Source/Info.plist";
				INSTALL_PATH = "$(LOCAL_LIBRARY_DIR)/Frameworks";
				LD_RUNPATH_SEARCH_PATHS = "$(inherited) @executable_path/../Frameworks @loader_path/Frameworks";
				PRODUCT_BUNDLE_IDENTIFIER = "com.RxSwiftCommunity.RxSwiftUtilities-macOS";
				PRODUCT_NAME = RxSwiftUtilities;
				SDKROOT = macosx;
				SKIP_INSTALL = YES;
				SWIFT_VERSION = 4.0;
			};
			name = Debug;
		};
		888CC1DE1DE48E9100DAE48A /* Release */ = {
			isa = XCBuildConfiguration;
			buildSettings = {
				CODE_SIGN_IDENTITY = "-";
				COMBINE_HIDPI_IMAGES = YES;
				DEFINES_MODULE = YES;
				DYLIB_COMPATIBILITY_VERSION = 1;
				DYLIB_CURRENT_VERSION = 1;
				DYLIB_INSTALL_NAME_BASE = "@rpath";
				FRAMEWORK_SEARCH_PATHS = (
					"$(inherited)",
					"$(PROJECT_DIR)/Carthage/Build/Mac",
				);
				FRAMEWORK_VERSION = A;
				INFOPLIST_FILE = "$(SRCROOT)/Source/Info.plist";
				INSTALL_PATH = "$(LOCAL_LIBRARY_DIR)/Frameworks";
				LD_RUNPATH_SEARCH_PATHS = "$(inherited) @executable_path/../Frameworks @loader_path/Frameworks";
				PRODUCT_BUNDLE_IDENTIFIER = "com.RxSwiftCommunity.RxSwiftUtilities-macOS";
				PRODUCT_NAME = RxSwiftUtilities;
				SDKROOT = macosx;
				SKIP_INSTALL = YES;
				SWIFT_VERSION = 4.0;
			};
			name = Release;
		};
		888CC1DF1DE48E9100DAE48A /* Debug */ = {
			isa = XCBuildConfiguration;
			buildSettings = {
				ALWAYS_EMBED_SWIFT_STANDARD_LIBRARIES = YES;
				CODE_SIGN_IDENTITY = "-";
				COMBINE_HIDPI_IMAGES = YES;
				FRAMEWORK_SEARCH_PATHS = (
					"$(inherited)",
					"$(PROJECT_DIR)/Carthage/Build/Mac",
				);
				INFOPLIST_FILE = Source/Info.plist;
				LD_RUNPATH_SEARCH_PATHS = "$(inherited) @executable_path/../Frameworks @loader_path/../Frameworks";
				MACOSX_DEPLOYMENT_TARGET = 10.12;
				PRODUCT_BUNDLE_IDENTIFIER = "com.RxSwiftCommunity.RxSwiftUtilities-macOSTests";
				PRODUCT_NAME = "$(TARGET_NAME)";
				SDKROOT = macosx;
				SWIFT_VERSION = 4.0;
			};
			name = Debug;
		};
		888CC1E01DE48E9100DAE48A /* Release */ = {
			isa = XCBuildConfiguration;
			buildSettings = {
				ALWAYS_EMBED_SWIFT_STANDARD_LIBRARIES = YES;
				CODE_SIGN_IDENTITY = "-";
				COMBINE_HIDPI_IMAGES = YES;
				FRAMEWORK_SEARCH_PATHS = (
					"$(inherited)",
					"$(PROJECT_DIR)/Carthage/Build/Mac",
				);
				INFOPLIST_FILE = Source/Info.plist;
				LD_RUNPATH_SEARCH_PATHS = "$(inherited) @executable_path/../Frameworks @loader_path/../Frameworks";
				MACOSX_DEPLOYMENT_TARGET = 10.12;
				PRODUCT_BUNDLE_IDENTIFIER = "com.RxSwiftCommunity.RxSwiftUtilities-macOSTests";
				PRODUCT_NAME = "$(TARGET_NAME)";
				SDKROOT = macosx;
				SWIFT_VERSION = 4.0;
			};
			name = Release;
		};
		88E73C661DE481A100C0D2F6 /* Debug */ = {
			isa = XCBuildConfiguration;
			buildSettings = {
				APPLICATION_EXTENSION_API_ONLY = YES;
				CODE_SIGN_IDENTITY = "";
				DEFINES_MODULE = YES;
				DYLIB_COMPATIBILITY_VERSION = 1;
				DYLIB_CURRENT_VERSION = 1;
				DYLIB_INSTALL_NAME_BASE = "@rpath";
				FRAMEWORK_SEARCH_PATHS = (
					"$(inherited)",
					"$(PROJECT_DIR)/Carthage/Build/watchOS",
				);
				INFOPLIST_FILE = "$(SRCROOT)/Source/Info.plist";
				INSTALL_PATH = "$(LOCAL_LIBRARY_DIR)/Frameworks";
				LD_RUNPATH_SEARCH_PATHS = "$(inherited) @executable_path/Frameworks @loader_path/Frameworks";
				PRODUCT_BUNDLE_IDENTIFIER = "com.RxSwiftCommunity.RxSwiftUtilities-watchOS";
				PRODUCT_NAME = RxSwiftUtilities;
				SDKROOT = watchos;
				SKIP_INSTALL = YES;
				SWIFT_VERSION = 4.0;
				TARGETED_DEVICE_FAMILY = 4;
				WATCHOS_DEPLOYMENT_TARGET = 2.0;
			};
			name = Debug;
		};
		88E73C671DE481A100C0D2F6 /* Release */ = {
			isa = XCBuildConfiguration;
			buildSettings = {
				APPLICATION_EXTENSION_API_ONLY = YES;
				CODE_SIGN_IDENTITY = "";
				DEFINES_MODULE = YES;
				DYLIB_COMPATIBILITY_VERSION = 1;
				DYLIB_CURRENT_VERSION = 1;
				DYLIB_INSTALL_NAME_BASE = "@rpath";
				FRAMEWORK_SEARCH_PATHS = (
					"$(inherited)",
					"$(PROJECT_DIR)/Carthage/Build/watchOS",
				);
				INFOPLIST_FILE = "$(SRCROOT)/Source/Info.plist";
				INSTALL_PATH = "$(LOCAL_LIBRARY_DIR)/Frameworks";
				LD_RUNPATH_SEARCH_PATHS = "$(inherited) @executable_path/Frameworks @loader_path/Frameworks";
				PRODUCT_BUNDLE_IDENTIFIER = "com.RxSwiftCommunity.RxSwiftUtilities-watchOS";
				PRODUCT_NAME = RxSwiftUtilities;
				SDKROOT = watchos;
				SKIP_INSTALL = YES;
				SWIFT_VERSION = 4.0;
				TARGETED_DEVICE_FAMILY = 4;
				WATCHOS_DEPLOYMENT_TARGET = 2.0;
			};
			name = Release;
		};
/* End XCBuildConfiguration section */

/* Begin XCConfigurationList section */
		880343021DE303160055DA33 /* Build configuration list for PBXProject "RxSwiftUtilities" */ = {
			isa = XCConfigurationList;
			buildConfigurations = (
				8803431A1DE303160055DA33 /* Debug */,
				8803431B1DE303160055DA33 /* Release */,
			);
			defaultConfigurationIsVisible = 0;
			defaultConfigurationName = Release;
		};
		8803431C1DE303160055DA33 /* Build configuration list for PBXNativeTarget "RxSwiftUtilities iOS" */ = {
			isa = XCConfigurationList;
			buildConfigurations = (
				8803431D1DE303160055DA33 /* Debug */,
				8803431E1DE303160055DA33 /* Release */,
			);
			defaultConfigurationIsVisible = 0;
			defaultConfigurationName = Release;
		};
		8803431F1DE303160055DA33 /* Build configuration list for PBXNativeTarget "RxSwiftUtilitiesTests iOS" */ = {
			isa = XCConfigurationList;
			buildConfigurations = (
				880343201DE303160055DA33 /* Debug */,
				880343211DE303160055DA33 /* Release */,
			);
			defaultConfigurationIsVisible = 0;
			defaultConfigurationName = Release;
		};
		888CC1B11DE48A1000DAE48A /* Build configuration list for PBXNativeTarget "RxSwiftUtilities tvOS" */ = {
			isa = XCConfigurationList;
			buildConfigurations = (
				888CC1B21DE48A1000DAE48A /* Debug */,
				888CC1B31DE48A1000DAE48A /* Release */,
			);
			defaultConfigurationIsVisible = 0;
			defaultConfigurationName = Release;
		};
		888CC1B41DE48A1000DAE48A /* Build configuration list for PBXNativeTarget "RxSwiftUtilitiesTests tvOS" */ = {
			isa = XCConfigurationList;
			buildConfigurations = (
				888CC1B51DE48A1000DAE48A /* Debug */,
				888CC1B61DE48A1000DAE48A /* Release */,
			);
			defaultConfigurationIsVisible = 0;
			defaultConfigurationName = Release;
		};
		888CC1E11DE48E9100DAE48A /* Build configuration list for PBXNativeTarget "RxSwiftUtilities macOS" */ = {
			isa = XCConfigurationList;
			buildConfigurations = (
				888CC1DD1DE48E9100DAE48A /* Debug */,
				888CC1DE1DE48E9100DAE48A /* Release */,
			);
			defaultConfigurationIsVisible = 0;
			defaultConfigurationName = Release;
		};
		888CC1E21DE48E9100DAE48A /* Build configuration list for PBXNativeTarget "RxSwiftUtilitiesTests macOS" */ = {
			isa = XCConfigurationList;
			buildConfigurations = (
				888CC1DF1DE48E9100DAE48A /* Debug */,
				888CC1E01DE48E9100DAE48A /* Release */,
			);
			defaultConfigurationIsVisible = 0;
			defaultConfigurationName = Release;
		};
		88E73C681DE481A100C0D2F6 /* Build configuration list for PBXNativeTarget "RxSwiftUtilities watchOS" */ = {
			isa = XCConfigurationList;
			buildConfigurations = (
				88E73C661DE481A100C0D2F6 /* Debug */,
				88E73C671DE481A100C0D2F6 /* Release */,
			);
			defaultConfigurationIsVisible = 0;
			defaultConfigurationName = Release;
		};
/* End XCConfigurationList section */
	};
	rootObject = 880342FF1DE303160055DA33 /* Project object */;
}
